
Microsoft Visual Studio Solution File, Format Version 12.00
Project("{FAE04EC0-301F-11D3-BF4B-00C04F79EFBC}") = "MainConsoleApp", "MainConsoleApp\MainConsoleApp.csproj", "{D33B5CA2-4F3E-4DD0-B761-A1921863B4C9}"
EndProject
Project("{FAE04EC0-301F-11D3-BF4B-00C04F79EFBC}") = "RacingThreads", "RacingThreads\RacingThreads.csproj", "{2F2B688C-4F62-4287-AF75-E4B89A842693}"
EndProject
Project("{FAE04EC0-301F-11D3-BF4B-00C04F79EFBC}") = "ReadWriteHandler", "ReadWriteHandler\ReadWriteHandler.csproj", "{03CB89CE-885E-40A4-86B7-B3694D7329F9}"
EndProject
Global
	GlobalSection(SolutionConfigurationPlatforms) = preSolution
		Debug|Any CPU = Debug|Any CPU
		Release|Any CPU = Release|Any CPU
	EndGlobalSection
	GlobalSection(ProjectConfigurationPlatforms) = postSolution
		{D33B5CA2-4F3E-4DD0-B761-A1921863B4C9}.Debug|Any CPU.ActiveCfg = Debug|Any CPU
		{D33B5CA2-4F3E-4DD0-B761-A1921863B4C9}.Debug|Any CPU.Build.0 = Debug|Any CPU
		{D33B5CA2-4F3E-4DD0-B761-A1921863B4C9}.Release|Any CPU.ActiveCfg = Release|Any CPU
		{D33B5CA2-4F3E-4DD0-B761-A1921863B4C9}.Release|Any CPU.Build.0 = Release|Any CPU
		{2F2B688C-4F62-4287-AF75-E4B89A842693}.Debug|Any CPU.ActiveCfg = Debug|Any CPU
		{2F2B688C-4F62-4287-AF75-E4B89A842693}.Debug|Any CPU.Build.0 = Debug|Any CPU
		{2F2B688C-4F62-4287-AF75-E4B89A842693}.Release|Any CPU.ActiveCfg = Release|Any CPU
		{2F2B688C-4F62-4287-AF75-E4B89A842693}.Release|Any CPU.Build.0 = Release|Any CPU
		{03CB89CE-885E-40A4-86B7-B3694D7329F9}.Debug|Any CPU.ActiveCfg = Debug|Any CPU
		{03CB89CE-885E-40A4-86B7-B3694D7329F9}.Debug|Any CPU.Build.0 = Debug|Any CPU
		{03CB89CE-885E-40A4-86B7-B3694D7329F9}.Release|Any CPU.ActiveCfg = Release|Any CPU
		{03CB89CE-885E-40A4-86B7-B3694D7329F9}.Release|Any CPU.Build.0 = Release|Any CPU
	EndGlobalSection
EndGlobal
